
Microsoft Visual Studio Solution File, Format Version 11.00
# Visual Studio 2010
Project("{FAE04EC0-301F-11D3-BF4B-00C04F79EFBC}") = "Duty Manager", "Duty Manager\Duty Manager.csproj", "{A432D3D0-0770-4C30-993F-61371C619FF0}"
EndProject
Global
	GlobalSection(SolutionConfigurationPlatforms) = preSolution
		Debug|x86 = Debug|x86
		Release|x86 = Release|x86
	EndGlobalSection
	GlobalSection(ProjectConfigurationPlatforms) = postSolution
		{A432D3D0-0770-4C30-993F-61371C619FF0}.Debug|x86.ActiveCfg = Debug|x86
		{A432D3D0-0770-4C30-993F-61371C619FF0}.Debug|x86.Build.0 = Debug|x86
		{A432D3D0-0770-4C30-993F-61371C619FF0}.Release|x86.ActiveCfg = Release|x86
		{A432D3D0-0770-4C30-993F-61371C619FF0}.Release|x86.Build.0 = Release|x86
	EndGlobalSection
	GlobalSection(SolutionProperties) = preSolution
		HideSolutionNode = FALSE
	EndGlobalSection
EndGlobal
